
Microsoft Visual Studio Solution File, Format Version 12.00
# Visual Studio 15
VisualStudioVersion = 15.0.27703.2026
MinimumVisualStudioVersion = 10.0.40219.1
Project("{FAE04EC0-301F-11D3-BF4B-00C04F79EFBC}") = "QuizApp.Android", "QuizApp\QuizApp.Android\QuizApp.Android.csproj", "{3FF4463E-30D3-47DD-BB25-9D95AB12BF44}"
EndProject
Project("{FAE04EC0-301F-11D3-BF4B-00C04F79EFBC}") = "QuizApp.iOS", "QuizApp\QuizApp.iOS\QuizApp.iOS.csproj", "{EF9A2CA8-C7EA-44F0-95F3-D4CB58437321}"
EndProject
Project("{FAE04EC0-301F-11D3-BF4B-00C04F79EFBC}") = "QuizApp", "QuizApp\QuizApp\QuizApp.csproj", "{94AACB41-7DED-43EC-B4C5-4D89C437624E}"
EndProject
Global
	GlobalSection(SolutionConfigurationPlatforms) = preSolution
		Ad-Hoc|Any CPU = Ad-Hoc|Any CPU
		Ad-Hoc|iPhone = Ad-Hoc|iPhone
		Ad-Hoc|iPhoneSimulator = Ad-Hoc|iPhoneSimulator
		AppStore|Any CPU = AppStore|Any CPU
		AppStore|iPhone = AppStore|iPhone
		AppStore|iPhoneSimulator = AppStore|iPhoneSimulator
		Debug|Any CPU = Debug|Any CPU
		Debug|iPhone = Debug|iPhone
		Debug|iPhoneSimulator = Debug|iPhoneSimulator
		Release|Any CPU = Release|Any CPU
		Release|iPhone = Release|iPhone
		Release|iPhoneSimulator = Release|iPhoneSimulator
	EndGlobalSection
	GlobalSection(ProjectConfigurationPlatforms) = postSolution
		{3FF4463E-30D3-47DD-BB25-9D95AB12BF44}.Ad-Hoc|Any CPU.ActiveCfg = Release|Any CPU
		{3FF4463E-30D3-47DD-BB25-9D95AB12BF44}.Ad-Hoc|Any CPU.Build.0 = Release|Any CPU
		{3FF4463E-30D3-47DD-BB25-9D95AB12BF44}.Ad-Hoc|Any CPU.Deploy.0 = Release|Any CPU
		{3FF4463E-30D3-47DD-BB25-9D95AB12BF44}.Ad-Hoc|iPhone.ActiveCfg = Release|Any CPU
		{3FF4463E-30D3-47DD-BB25-9D95AB12BF44}.Ad-Hoc|iPhone.Build.0 = Release|Any CPU
		{3FF4463E-30D3-47DD-BB25-9D95AB12BF44}.Ad-Hoc|iPhone.Deploy.0 = Release|Any CPU
		{3FF4463E-30D3-47DD-BB25-9D95AB12BF44}.Ad-Hoc|iPhoneSimulator.ActiveCfg = Release|Any CPU
		{3FF4463E-30D3-47DD-BB25-9D95AB12BF44}.Ad-Hoc|iPhoneSimulator.Build.0 = Release|Any CPU
		{3FF4463E-30D3-47DD-BB25-9D95AB12BF44}.Ad-Hoc|iPhoneSimulator.Deploy.0 = Release|Any CPU
		{3FF4463E-30D3-47DD-BB25-9D95AB12BF44}.AppStore|Any CPU.ActiveCfg = Release|Any CPU
		{3FF4463E-30D3-47DD-BB25-9D95AB12BF44}.AppStore|Any CPU.Build.0 = Release|Any CPU
		{3FF4463E-30D3-47DD-BB25-9D95AB12BF44}.AppStore|Any CPU.Deploy.0 = Release|Any CPU
		{3FF4463E-30D3-47DD-BB25-9D95AB12BF44}.AppStore|iPhone.ActiveCfg = Release|Any CPU
		{3FF4463E-30D3-47DD-BB25-9D95AB12BF44}.AppStore|iPhone.Build.0 = Release|Any CPU
		{3FF4463E-30D3-47DD-BB25-9D95AB12BF44}.AppStore|iPhone.Deploy.0 = Release|Any CPU
		{3FF4463E-30D3-47DD-BB25-9D95AB12BF44}.AppStore|iPhoneSimulator.ActiveCfg = Release|Any CPU
		{3FF4463E-30D3-47DD-BB25-9D95AB12BF44}.AppStore|iPhoneSimulator.Build.0 = Release|Any CPU
		{3FF4463E-30D3-47DD-BB25-9D95AB12BF44}.AppStore|iPhoneSimulator.Deploy.0 = Release|Any CPU
		{3FF4463E-30D3-47DD-BB25-9D95AB12BF44}.Debug|Any CPU.ActiveCfg = Debug|Any CPU
		{3FF4463E-30D3-47DD-BB25-9D95AB12BF44}.Debug|Any CPU.Build.0 = Debug|Any CPU
		{3FF4463E-30D3-47DD-BB25-9D95AB12BF44}.Debug|Any CPU.Deploy.0 = Debug|Any CPU
		{3FF4463E-30D3-47DD-BB25-9D95AB12BF44}.Debug|iPhone.ActiveCfg = Debug|Any CPU
		{3FF4463E-30D3-47DD-BB25-9D95AB12BF44}.Debug|iPhone.Build.0 = Debug|Any CPU
		{3FF4463E-30D3-47DD-BB25-9D95AB12BF44}.Debug|iPhone.Deploy.0 = Debug|Any CPU
		{3FF4463E-30D3-47DD-BB25-9D95AB12BF44}.Debug|iPhoneSimulator.ActiveCfg = Debug|Any CPU
		{3FF4463E-30D3-47DD-BB25-9D95AB12BF44}.Debug|iPhoneSimulator.Build.0 = Debug|Any CPU
		{3FF4463E-30D3-47DD-BB25-9D95AB12BF44}.Debug|iPhoneSimulator.Deploy.0 = Debug|Any CPU
		{3FF4463E-30D3-47DD-BB25-9D95AB12BF44}.Release|Any CPU.ActiveCfg = Release|Any CPU
		{3FF4463E-30D3-47DD-BB25-9D95AB12BF44}.Release|Any CPU.Build.0 = Release|Any CPU
		{3FF4463E-30D3-47DD-BB25-9D95AB12BF44}.Release|Any CPU.Deploy.0 = Release|Any CPU
		{3FF4463E-30D3-47DD-BB25-9D95AB12BF44}.Release|iPhone.ActiveCfg = Release|Any CPU
		{3FF4463E-30D3-47DD-BB25-9D95AB12BF44}.Release|iPhone.Build.0 = Release|Any CPU
		{3FF4463E-30D3-47DD-BB25-9D95AB12BF44}.Release|iPhone.Deploy.0 = Release|Any CPU
		{3FF4463E-30D3-47DD-BB25-9D95AB12BF44}.Release|iPhoneSimulator.ActiveCfg = Release|Any CPU
		{3FF4463E-30D3-47DD-BB25-9D95AB12BF44}.Release|iPhoneSimulator.Build.0 = Release|Any CPU
		{3FF4463E-30D3-47DD-BB25-9D95AB12BF44}.Release|iPhoneSimulator.Deploy.0 = Release|Any CPU
		{EF9A2CA8-C7EA-44F0-95F3-D4CB58437321}.Ad-Hoc|Any CPU.ActiveCfg = Ad-Hoc|iPhone
		{EF9A2CA8-C7EA-44F0-95F3-D4CB58437321}.Ad-Hoc|Any CPU.Build.0 = Ad-Hoc|iPhone
		{EF9A2CA8-C7EA-44F0-95F3-D4CB58437321}.Ad-Hoc|Any CPU.Deploy.0 = Ad-Hoc|iPhone
		{EF9A2CA8-C7EA-44F0-95F3-D4CB58437321}.Ad-Hoc|iPhone.ActiveCfg = Ad-Hoc|iPhone
		{EF9A2CA8-C7EA-44F0-95F3-D4CB58437321}.Ad-Hoc|iPhone.Build.0 = Ad-Hoc|iPhone
		{EF9A2CA8-C7EA-44F0-95F3-D4CB58437321}.Ad-Hoc|iPhone.Deploy.0 = Ad-Hoc|iPhone
		{EF9A2CA8-C7EA-44F0-95F3-D4CB58437321}.Ad-Hoc|iPhoneSimulator.ActiveCfg = Ad-Hoc|iPhoneSimulator
		{EF9A2CA8-C7EA-44F0-95F3-D4CB58437321}.Ad-Hoc|iPhoneSimulator.Build.0 = Ad-Hoc|iPhoneSimulator
		{EF9A2CA8-C7EA-44F0-95F3-D4CB58437321}.Ad-Hoc|iPhoneSimulator.Deploy.0 = Ad-Hoc|iPhoneSimulator
		{EF9A2CA8-C7EA-44F0-95F3-D4CB58437321}.AppStore|Any CPU.ActiveCfg = AppStore|iPhone
		{EF9A2CA8-C7EA-44F0-95F3-D4CB58437321}.AppStore|Any CPU.Build.0 = AppStore|iPhone
		{EF9A2CA8-C7EA-44F0-95F3-D4CB58437321}.AppStore|Any CPU.Deploy.0 = AppStore|iPhone
		{EF9A2CA8-C7EA-44F0-95F3-D4CB58437321}.AppStore|iPhone.ActiveCfg = AppStore|iPhone
		{EF9A2CA8-C7EA-44F0-95F3-D4CB58437321}.AppStore|iPhone.Build.0 = AppStore|iPhone
		{EF9A2CA8-C7EA-44F0-95F3-D4CB58437321}.AppStore|iPhone.Deploy.0 = AppStore|iPhone
		{EF9A2CA8-C7EA-44F0-95F3-D4CB58437321}.AppStore|iPhoneSimulator.ActiveCfg = AppStore|iPhoneSimulator
		{EF9A2CA8-C7EA-44F0-95F3-D4CB58437321}.AppStore|iPhoneSimulator.Build.0 = AppStore|iPhoneSimulator
		{EF9A2CA8-C7EA-44F0-95F3-D4CB58437321}.AppStore|iPhoneSimulator.Deploy.0 = AppStore|iPhoneSimulator
		{EF9A2CA8-C7EA-44F0-95F3-D4CB58437321}.Debug|Any CPU.ActiveCfg = Debug|iPhoneSimulator
		{EF9A2CA8-C7EA-44F0-95F3-D4CB58437321}.Debug|Any CPU.Build.0 = Debug|iPhoneSimulator
		{EF9A2CA8-C7EA-44F0-95F3-D4CB58437321}.Debug|Any CPU.Deploy.0 = Debug|iPhoneSimulator
		{EF9A2CA8-C7EA-44F0-95F3-D4CB58437321}.Debug|iPhone.ActiveCfg = Debug|iPhone
		{EF9A2CA8-C7EA-44F0-95F3-D4CB58437321}.Debug|iPhone.Build.0 = Debug|iPhone
		{EF9A2CA8-C7EA-44F0-95F3-D4CB58437321}.Debug|iPhone.Deploy.0 = Debug|iPhone
		{EF9A2CA8-C7EA-44F0-95F3-D4CB58437321}.Debug|iPhoneSimulator.ActiveCfg = Debug|iPhoneSimulator
		{EF9A2CA8-C7EA-44F0-95F3-D4CB58437321}.Debug|iPhoneSimulator.Build.0 = Debug|iPhoneSimulator
		{EF9A2CA8-C7EA-44F0-95F3-D4CB58437321}.Debug|iPhoneSimulator.Deploy.0 = Debug|iPhoneSimulator
		{EF9A2CA8-C7EA-44F0-95F3-D4CB58437321}.Release|Any CPU.ActiveCfg = Release|iPhone
		{EF9A2CA8-C7EA-44F0-95F3-D4CB58437321}.Release|Any CPU.Build.0 = Release|iPhone
		{EF9A2CA8-C7EA-44F0-95F3-D4CB58437321}.Release|Any CPU.Deploy.0 = Release|iPhone
		{EF9A2CA8-C7EA-44F0-95F3-D4CB58437321}.Release|iPhone.ActiveCfg = Release|iPhone
		{EF9A2CA8-C7EA-44F0-95F3-D4CB58437321}.Release|iPhone.Build.0 = Release|iPhone
		{EF9A2CA8-C7EA-44F0-95F3-D4CB58437321}.Release|iPhone.Deploy.0 = Release|iPhone
		{EF9A2CA8-C7EA-44F0-95F3-D4CB58437321}.Release|iPhoneSimulator.ActiveCfg = Release|iPhoneSimulator
		{EF9A2CA8-C7EA-44F0-95F3-D4CB58437321}.Release|iPhoneSimulator.Build.0 = Release|iPhoneSimulator
		{EF9A2CA8-C7EA-44F0-95F3-D4CB58437321}.Release|iPhoneSimulator.Deploy.0 = Release|iPhoneSimulator
		{94AACB41-7DED-43EC-B4C5-4D89C437624E}.Ad-Hoc|Any CPU.ActiveCfg = Debug|Any CPU
		{94AACB41-7DED-43EC-B4C5-4D89C437624E}.Ad-Hoc|Any CPU.Build.0 = Debug|Any CPU
		{94AACB41-7DED-43EC-B4C5-4D89C437624E}.Ad-Hoc|Any CPU.Deploy.0 = Debug|Any CPU
		{94AACB41-7DED-43EC-B4C5-4D89C437624E}.Ad-Hoc|iPhone.ActiveCfg = Debug|Any CPU
		{94AACB41-7DED-43EC-B4C5-4D89C437624E}.Ad-Hoc|iPhone.Build.0 = Debug|Any CPU
		{94AACB41-7DED-43EC-B4C5-4D89C437624E}.Ad-Hoc|iPhone.Deploy.0 = Debug|Any CPU
		{94AACB41-7DED-43EC-B4C5-4D89C437624E}.Ad-Hoc|iPhoneSimulator.ActiveCfg = Debug|Any CPU
		{94AACB41-7DED-43EC-B4C5-4D89C437624E}.Ad-Hoc|iPhoneSimulator.Build.0 = Debug|Any CPU
		{94AACB41-7DED-43EC-B4C5-4D89C437624E}.Ad-Hoc|iPhoneSimulator.Deploy.0 = Debug|Any CPU
		{94AACB41-7DED-43EC-B4C5-4D89C437624E}.AppStore|Any CPU.ActiveCfg = Debug|Any CPU
		{94AACB41-7DED-43EC-B4C5-4D89C437624E}.AppStore|Any CPU.Build.0 = Debug|Any CPU
		{94AACB41-7DED-43EC-B4C5-4D89C437624E}.AppStore|Any CPU.Deploy.0 = Debug|Any CPU
		{94AACB41-7DED-43EC-B4C5-4D89C437624E}.AppStore|iPhone.ActiveCfg = Debug|Any CPU
		{94AACB41-7DED-43EC-B4C5-4D89C437624E}.AppStore|iPhone.Build.0 = Debug|Any CPU
		{94AACB41-7DED-43EC-B4C5-4D89C437624E}.AppStore|iPhone.Deploy.0 = Debug|Any CPU
		{94AACB41-7DED-43EC-B4C5-4D89C437624E}.AppStore|iPhoneSimulator.ActiveCfg = Debug|Any CPU
		{94AACB41-7DED-43EC-B4C5-4D89C437624E}.AppStore|iPhoneSimulator.Build.0 = Debug|Any CPU
		{94AACB41-7DED-43EC-B4C5-4D89C437624E}.AppStore|iPhoneSimulator.Deploy.0 = Debug|Any CPU
		{94AACB41-7DED-43EC-B4C5-4D89C437624E}.Debug|Any CPU.ActiveCfg = Debug|Any CPU
		{94AACB41-7DED-43EC-B4C5-4D89C437624E}.Debug|Any CPU.Build.0 = Debug|Any CPU
		{94AACB41-7DED-43EC-B4C5-4D89C437624E}.Debug|Any CPU.Deploy.0 = Debug|Any CPU
		{94AACB41-7DED-43EC-B4C5-4D89C437624E}.Debug|iPhone.ActiveCfg = Debug|Any CPU
		{94AACB41-7DED-43EC-B4C5-4D89C437624E}.Debug|iPhone.Build.0 = Debug|Any CPU
		{94AACB41-7DED-43EC-B4C5-4D89C437624E}.Debug|iPhone.Deploy.0 = Debug|Any CPU
		{94AACB41-7DED-43EC-B4C5-4D89C437624E}.Debug|iPhoneSimulator.ActiveCfg = Debug|Any CPU
		{94AACB41-7DED-43EC-B4C5-4D89C437624E}.Debug|iPhoneSimulator.Build.0 = Debug|Any CPU
		{94AACB41-7DED-43EC-B4C5-4D89C437624E}.Debug|iPhoneSimulator.Deploy.0 = Debug|Any CPU
		{94AACB41-7DED-43EC-B4C5-4D89C437624E}.Release|Any CPU.ActiveCfg = Release|Any CPU
		{94AACB41-7DED-43EC-B4C5-4D89C437624E}.Release|Any CPU.Build.0 = Release|Any CPU
		{94AACB41-7DED-43EC-B4C5-4D89C437624E}.Release|Any CPU.Deploy.0 = Release|Any CPU
		{94AACB41-7DED-43EC-B4C5-4D89C437624E}.Release|iPhone.ActiveCfg = Release|Any CPU
		{94AACB41-7DED-43EC-B4C5-4D89C437624E}.Release|iPhone.Build.0 = Release|Any CPU
		{94AACB41-7DED-43EC-B4C5-4D89C437624E}.Release|iPhone.Deploy.0 = Release|Any CPU
		{94AACB41-7DED-43EC-B4C5-4D89C437624E}.Release|iPhoneSimulator.ActiveCfg = Release|Any CPU
		{94AACB41-7DED-43EC-B4C5-4D89C437624E}.Release|iPhoneSimulator.Build.0 = Release|Any CPU
		{94AACB41-7DED-43EC-B4C5-4D89C437624E}.Release|iPhoneSimulator.Deploy.0 = Release|Any CPU
	EndGlobalSection
	GlobalSection(SolutionProperties) = preSolution
		HideSolutionNode = FALSE
	EndGlobalSection
	GlobalSection(ExtensibilityGlobals) = postSolution
		SolutionGuid = {DA324D90-8D06-4220-A352-D446B03E5536}
	EndGlobalSection
EndGlobal
